
Microsoft Visual Studio Solution File, Format Version 12.00
# Visual Studio Version 16
VisualStudioVersion = 16.0.34031.81
MinimumVisualStudioVersion = 10.0.40219.1
Project("{FAE04EC0-301F-11D3-BF4B-00C04F79EFBC}") = "ADC_WAVE_Program", "ADC_WAVE_Program\ADC_WAVE_Program.csproj", "{FAC76128-960A-4DA3-AF0E-8D63D5CA5F90}"
EndProject
Global
	GlobalSection(SolutionConfigurationPlatforms) = preSolution
		Debug|Any CPU = Debug|Any CPU
		Release|Any CPU = Release|Any CPU
	EndGlobalSection
	GlobalSection(ProjectConfigurationPlatforms) = postSolution
		{FAC76128-960A-4DA3-AF0E-8D63D5CA5F90}.Debug|Any CPU.ActiveCfg = Debug|Any CPU
		{FAC76128-960A-4DA3-AF0E-8D63D5CA5F90}.Debug|Any CPU.Build.0 = Debug|Any CPU
		{FAC76128-960A-4DA3-AF0E-8D63D5CA5F90}.Release|Any CPU.ActiveCfg = Release|Any CPU
		{FAC76128-960A-4DA3-AF0E-8D63D5CA5F90}.Release|Any CPU.Build.0 = Release|Any CPU
	EndGlobalSection
	GlobalSection(SolutionProperties) = preSolution
		HideSolutionNode = FALSE
	EndGlobalSection
	GlobalSection(ExtensibilityGlobals) = postSolution
		SolutionGuid = {6166FD74-449A-4459-88C1-FE1F1DD275B8}
	EndGlobalSection
EndGlobal
